
Microsoft Visual Studio Solution File, Format Version 12.00
# Visual Studio Version 17
VisualStudioVersion = 17.13.35806.99 d17.13
MinimumVisualStudioVersion = 10.0.40219.1
Project("{FAE04EC0-301F-11D3-BF4B-00C04F79EFBC}") = "LasMonjas", "LasMonjas\LasMonjas.csproj", "{B52BB850-9A2F-180C-9B85-F039750AC424}"
EndProject
Global
	GlobalSection(SolutionConfigurationPlatforms) = preSolution
		Debug|Any CPU = Debug|Any CPU
		Release|Any CPU = Release|Any CPU
	EndGlobalSection
	GlobalSection(ProjectConfigurationPlatforms) = postSolution
		{B52BB850-9A2F-180C-9B85-F039750AC424}.Debug|Any CPU.ActiveCfg = Debug|Any CPU
		{B52BB850-9A2F-180C-9B85-F039750AC424}.Debug|Any CPU.Build.0 = Debug|Any CPU
		{B52BB850-9A2F-180C-9B85-F039750AC424}.Release|Any CPU.ActiveCfg = Release|Any CPU
		{B52BB850-9A2F-180C-9B85-F039750AC424}.Release|Any CPU.Build.0 = Release|Any CPU
	EndGlobalSection
	GlobalSection(SolutionProperties) = preSolution
		HideSolutionNode = FALSE
	EndGlobalSection
	GlobalSection(ExtensibilityGlobals) = postSolution
		SolutionGuid = {6D3FE0E7-0CFE-4DB6-B16B-94A5C308A44A}
	EndGlobalSection
EndGlobal
